// !$*UTF8*$!
{
	archiveVersion = 1;
	classes = {
	};
	objectVersion = 77;
	objects = {

/* Begin PBXBuildFile section */
		0306538F5D106E6329F024DD /* WatchListBroadcastApp.swift in Sources */ = {isa = PBXBuildFile; fileRef = 99E3D89C9641EF449F410632 /* WatchListBroadcastApp.swift */; };
		1980F03710D2B911C55C2F14 /* AppGroup.swift in Sources */ = {isa = PBXBuildFile; fileRef = C926C800C84304C4AA0438D3 /* AppGroup.swift */; };
		398D939EDB900C35C5235110 /* ContentView.swift in Sources */ = {isa = PBXBuildFile; fileRef = 4D407809B6342DC9714638BA /* ContentView.swift */; };
		40B7FAFF0D9562845BB5DAAE /* WebRTCBroadcaster.swift in Sources */ = {isa = PBXBuildFile; fileRef = 9AAFAB314766AFD23F1DABB7 /* WebRTCBroadcaster.swift */; };
		78565C464E54B9F59848795B /* WebRTC in Frameworks */ = {isa = PBXBuildFile; productRef = 8C006DD8D283CC325BC55021 /* WebRTC */; };
		7C630E8710FE6C122F1AF1A4 /* SampleHandler.swift in Sources */ = {isa = PBXBuildFile; fileRef = 5C6E88DB9FAF4B04FE45C2D2 /* SampleHandler.swift */; };
		B0443D6CB2725B33008F8D91 /* BroadcastExt.appex in Embed Foundation Extensions */ = {isa = PBXBuildFile; fileRef = 8E81B1E4DB1D844CD31FF925 /* BroadcastExt.appex */; settings = {ATTRIBUTES = (RemoveHeadersOnCopy, ); }; };
		B723565B0204F5BE862EB6CF /* PartySignaling.swift in Sources */ = {isa = PBXBuildFile; fileRef = 4B79B03884BBD977546294D3 /* PartySignaling.swift */; };
		C31814A4FF5198F47A4291B6 /* AppGroup.swift in Sources */ = {isa = PBXBuildFile; fileRef = C926C800C84304C4AA0438D3 /* AppGroup.swift */; };
/* End PBXBuildFile section */

/* Begin PBXContainerItemProxy section */
		FCF167CA4868DA56FDA439B4 /* PBXContainerItemProxy */ = {
			isa = PBXContainerItemProxy;
			containerPortal = CA4AB45AF99ABF6D7DA83E8F /* Project object */;
			proxyType = 1;
			remoteGlobalIDString = 2C2E7D6ACCC1899CF5766521;
			remoteInfo = BroadcastExt;
		};
/* End PBXContainerItemProxy section */

/* Begin PBXCopyFilesBuildPhase section */
		B7DC26F1E1C40A0002A781D3 /* Embed Foundation Extensions */ = {
			isa = PBXCopyFilesBuildPhase;
			buildActionMask = 2147483647;
			dstPath = "";
			dstSubfolderSpec = 13;
			files = (
				B0443D6CB2725B33008F8D91 /* BroadcastExt.appex in Embed Foundation Extensions */,
			);
			name = "Embed Foundation Extensions";
			runOnlyForDeploymentPostprocessing = 0;
		};
/* End PBXCopyFilesBuildPhase section */

/* Begin PBXFileReference section */
		4B79B03884BBD977546294D3 /* PartySignaling.swift */ = {isa = PBXFileReference; lastKnownFileType = sourcecode.swift; path = PartySignaling.swift; sourceTree = "<group>"; };
		4D407809B6342DC9714638BA /* ContentView.swift */ = {isa = PBXFileReference; lastKnownFileType = sourcecode.swift; path = ContentView.swift; sourceTree = "<group>"; };
		5C6E88DB9FAF4B04FE45C2D2 /* SampleHandler.swift */ = {isa = PBXFileReference; lastKnownFileType = sourcecode.swift; path = SampleHandler.swift; sourceTree = "<group>"; };
		8E81B1E4DB1D844CD31FF925 /* BroadcastExt.appex */ = {isa = PBXFileReference; includeInIndex = 0; lastKnownFileType = "wrapper.app-extension"; path = BroadcastExt.appex; sourceTree = BUILT_PRODUCTS_DIR; };
		99E3D89C9641EF449F410632 /* WatchListBroadcastApp.swift */ = {isa = PBXFileReference; lastKnownFileType = sourcecode.swift; path = WatchListBroadcastApp.swift; sourceTree = "<group>"; };
		9AAFAB314766AFD23F1DABB7 /* WebRTCBroadcaster.swift */ = {isa = PBXFileReference; lastKnownFileType = sourcecode.swift; path = WebRTCBroadcaster.swift; sourceTree = "<group>"; };
		C926C800C84304C4AA0438D3 /* AppGroup.swift */ = {isa = PBXFileReference; lastKnownFileType = sourcecode.swift; path = AppGroup.swift; sourceTree = "<group>"; };
		CE5B8624767EFA2610C66780 /* WatchListParty.app */ = {isa = PBXFileReference; includeInIndex = 0; lastKnownFileType = wrapper.application; path = WatchListParty.app; sourceTree = BUILT_PRODUCTS_DIR; };
/* End PBXFileReference section */

/* Begin PBXFrameworksBuildPhase section */
		5379BB10284EAE65B6D24962 /* Frameworks */ = {
			isa = PBXFrameworksBuildPhase;
			buildActionMask = 2147483647;
			files = (
				78565C464E54B9F59848795B /* WebRTC in Frameworks */,
			);
			runOnlyForDeploymentPostprocessing = 0;
		};
/* End PBXFrameworksBuildPhase section */

/* Begin PBXGroup section */
		194CF62081EB8C6889AA6DD8 /* Products */ = {
			isa = PBXGroup;
			children = (
				8E81B1E4DB1D844CD31FF925 /* BroadcastExt.appex */,
				CE5B8624767EFA2610C66780 /* WatchListParty.app */,
			);
			name = Products;
			sourceTree = "<group>";
		};
		3A375501F391E9E716D9314D = {
			isa = PBXGroup;
			children = (
				C926C800C84304C4AA0438D3 /* AppGroup.swift */,
				4D407809B6342DC9714638BA /* ContentView.swift */,
				4B79B03884BBD977546294D3 /* PartySignaling.swift */,
				5C6E88DB9FAF4B04FE45C2D2 /* SampleHandler.swift */,
				99E3D89C9641EF449F410632 /* WatchListBroadcastApp.swift */,
				9AAFAB314766AFD23F1DABB7 /* WebRTCBroadcaster.swift */,
				194CF62081EB8C6889AA6DD8 /* Products */,
			);
			sourceTree = "<group>";
		};
/* End PBXGroup section */

/* Begin PBXNativeTarget section */
		2C2E7D6ACCC1899CF5766521 /* BroadcastExt */ = {
			isa = PBXNativeTarget;
			buildConfigurationList = 532A7ABFA5BFDD20674CD26D /* Build configuration list for PBXNativeTarget "BroadcastExt" */;
			buildPhases = (
				E465A40C223B67105C6911C3 /* Sources */,
				5379BB10284EAE65B6D24962 /* Frameworks */,
			);
			buildRules = (
			);
			dependencies = (
			);
			name = BroadcastExt;
			packageProductDependencies = (
				8C006DD8D283CC325BC55021 /* WebRTC */,
			);
			productName = BroadcastExt;
			productReference = 8E81B1E4DB1D844CD31FF925 /* BroadcastExt.appex */;
			productType = "com.apple.product-type.app-extension";
		};
		B0E0B4440343DE7119E08E8A /* WatchListParty */ = {
			isa = PBXNativeTarget;
			buildConfigurationList = 44D6203580886F592FD4EF97 /* Build configuration list for PBXNativeTarget "WatchListParty" */;
			buildPhases = (
				2A841A558E83975DDB22D712 /* Sources */,
				B7DC26F1E1C40A0002A781D3 /* Embed Foundation Extensions */,
			);
			buildRules = (
			);
			dependencies = (
				EC7BEFC386FF3E169E4ACC43 /* PBXTargetDependency */,
			);
			name = WatchListParty;
			packageProductDependencies = (
			);
			productName = WatchListParty;
			productReference = CE5B8624767EFA2610C66780 /* WatchListParty.app */;
			productType = "com.apple.product-type.application";
		};
/* End PBXNativeTarget section */

/* Begin PBXProject section */
		CA4AB45AF99ABF6D7DA83E8F /* Project object */ = {
			isa = PBXProject;
			attributes = {
				BuildIndependentTargetsInParallel = YES;
				LastUpgradeCheck = 1430;
				TargetAttributes = {
					2C2E7D6ACCC1899CF5766521 = {
						ProvisioningStyle = Automatic;
					};
					B0E0B4440343DE7119E08E8A = {
						ProvisioningStyle = Automatic;
					};
				};
			};
			buildConfigurationList = 408394B19159BE9EA903EF6E /* Build configuration list for PBXProject "WatchListParty" */;
			developmentRegion = en;
			hasScannedForEncodings = 0;
			knownRegions = (
				Base,
				en,
			);
			mainGroup = 3A375501F391E9E716D9314D;
			minimizedProjectReferenceProxies = 1;
			packageReferences = (
				4864D3D4E7E311C26CC1731D /* XCRemoteSwiftPackageReference "WebRTC" */,
			);
			preferredProjectObjectVersion = 77;
			productRefGroup = 194CF62081EB8C6889AA6DD8 /* Products */;
			projectDirPath = "";
			projectRoot = "";
			targets = (
				B0E0B4440343DE7119E08E8A /* WatchListParty */,
				2C2E7D6ACCC1899CF5766521 /* BroadcastExt */,
			);
		};
/* End PBXProject section */

/* Begin PBXSourcesBuildPhase section */
		2A841A558E83975DDB22D712 /* Sources */ = {
			isa = PBXSourcesBuildPhase;
			buildActionMask = 2147483647;
			files = (
				1980F03710D2B911C55C2F14 /* AppGroup.swift in Sources */,
				398D939EDB900C35C5235110 /* ContentView.swift in Sources */,
				0306538F5D106E6329F024DD /* WatchListBroadcastApp.swift in Sources */,
			);
			runOnlyForDeploymentPostprocessing = 0;
		};
		E465A40C223B67105C6911C3 /* Sources */ = {
			isa = PBXSourcesBuildPhase;
			buildActionMask = 2147483647;
			files = (
				C31814A4FF5198F47A4291B6 /* AppGroup.swift in Sources */,
				B723565B0204F5BE862EB6CF /* PartySignaling.swift in Sources */,
				7C630E8710FE6C122F1AF1A4 /* SampleHandler.swift in Sources */,
				40B7FAFF0D9562845BB5DAAE /* WebRTCBroadcaster.swift in Sources */,
			);
			runOnlyForDeploymentPostprocessing = 0;
		};
/* End PBXSourcesBuildPhase section */

/* Begin PBXTargetDependency section */
		EC7BEFC386FF3E169E4ACC43 /* PBXTargetDependency */ = {
			isa = PBXTargetDependency;
			target = 2C2E7D6ACCC1899CF5766521 /* BroadcastExt */;
			targetProxy = FCF167CA4868DA56FDA439B4 /* PBXContainerItemProxy */;
		};
/* End PBXTargetDependency section */

/* Begin XCBuildConfiguration section */
		48AFDA6A94CF23AD9DDC7961 /* Debug */ = {
			isa = XCBuildConfiguration;
			buildSettings = {
				ALWAYS_SEARCH_USER_PATHS = NO;
				CLANG_ANALYZER_NONNULL = YES;
				CLANG_ANALYZER_NUMBER_OBJECT_CONVERSION = YES_AGGRESSIVE;
				CLANG_CXX_LANGUAGE_STANDARD = "gnu++14";
				CLANG_CXX_LIBRARY = "libc++";
				CLANG_ENABLE_MODULES = YES;
				CLANG_ENABLE_OBJC_ARC = YES;
				CLANG_ENABLE_OBJC_WEAK = YES;
				CLANG_WARN_BLOCK_CAPTURE_AUTORELEASING = YES;
				CLANG_WARN_BOOL_CONVERSION = YES;
				CLANG_WARN_COMMA = YES;
				CLANG_WARN_CONSTANT_CONVERSION = YES;
				CLANG_WARN_DEPRECATED_OBJC_IMPLEMENTATIONS = YES;
				CLANG_WARN_DIRECT_OBJC_ISA_USAGE = YES_ERROR;
				CLANG_WARN_DOCUMENTATION_COMMENTS = YES;
				CLANG_WARN_EMPTY_BODY = YES;
				CLANG_WARN_ENUM_CONVERSION = YES;
				CLANG_WARN_INFINITE_RECURSION = YES;
				CLANG_WARN_INT_CONVERSION = YES;
				CLANG_WARN_NON_LITERAL_NULL_CONVERSION = YES;
				CLANG_WARN_OBJC_IMPLICIT_RETAIN_SELF = YES;
				CLANG_WARN_OBJC_LITERAL_CONVERSION = YES;
				CLANG_WARN_OBJC_ROOT_CLASS = YES_ERROR;
				CLANG_WARN_QUOTED_INCLUDE_IN_FRAMEWORK_HEADER = YES;
				CLANG_WARN_RANGE_LOOP_ANALYSIS = YES;
				CLANG_WARN_STRICT_PROTOTYPES = YES;
				CLANG_WARN_SUSPICIOUS_MOVE = YES;
				CLANG_WARN_UNGUARDED_AVAILABILITY = YES_AGGRESSIVE;
				CLANG_WARN_UNREACHABLE_CODE = YES;
				CLANG_WARN__DUPLICATE_METHOD_MATCH = YES;
				CODE_SIGN_STYLE = Automatic;
				COPY_PHASE_STRIP = NO;
				CURRENT_PROJECT_VERSION = 1;
				DEBUG_INFORMATION_FORMAT = dwarf;
				ENABLE_STRICT_OBJC_MSGSEND = YES;
				ENABLE_TESTABILITY = YES;
				GCC_C_LANGUAGE_STANDARD = gnu11;
				GCC_DYNAMIC_NO_PIC = NO;
				GCC_NO_COMMON_BLOCKS = YES;
				GCC_OPTIMIZATION_LEVEL = 0;
				GCC_PREPROCESSOR_DEFINITIONS = (
					"$(inherited)",
					"DEBUG=1",
				);
				GCC_WARN_64_TO_32_BIT_CONVERSION = YES;
				GCC_WARN_ABOUT_RETURN_TYPE = YES_ERROR;
				GCC_WARN_UNDECLARED_SELECTOR = YES;
				GCC_WARN_UNINITIALIZED_AUTOS = YES_AGGRESSIVE;
				GCC_WARN_UNUSED_FUNCTION = YES;
				GCC_WARN_UNUSED_VARIABLE = YES;
				GENERATE_INFOPLIST_FILE = NO;
				IPHONEOS_DEPLOYMENT_TARGET = 15.0;
				MARKETING_VERSION = 1.0;
				MTL_ENABLE_DEBUG_INFO = INCLUDE_SOURCE;
				MTL_FAST_MATH = YES;
				ONLY_ACTIVE_ARCH = YES;
				PRODUCT_NAME = "$(TARGET_NAME)";
				SDKROOT = iphoneos;
				SWIFT_ACTIVE_COMPILATION_CONDITIONS = DEBUG;
				SWIFT_OPTIMIZATION_LEVEL = "-Onone";
				SWIFT_VERSION = 5.0;
			};
			name = Debug;
		};
		A5C7183DD6BBE0C1C101CD5F /* Debug */ = {
			isa = XCBuildConfiguration;
			buildSettings = {
				INFOPLIST_FILE = "Generated/Ext-Info.plist";
				LD_RUNPATH_SEARCH_PATHS = (
					"$(inherited)",
					"@executable_path/Frameworks",
					"@executable_path/../../Frameworks",
				);
				PRODUCT_BUNDLE_IDENTIFIER = com.watchlist.party.BroadcastExt;
				SDKROOT = iphoneos;
				TARGETED_DEVICE_FAMILY = "1,2";
			};
			name = Debug;
		};
		AAC8B67BADEA310290D86A2A /* Release */ = {
			isa = XCBuildConfiguration;
			buildSettings = {
				ASSETCATALOG_COMPILER_APPICON_NAME = AppIcon;
				CODE_SIGN_IDENTITY = "iPhone Developer";
				INFOPLIST_FILE = "Generated/App-Info.plist";
				LD_RUNPATH_SEARCH_PATHS = (
					"$(inherited)",
					"@executable_path/Frameworks",
				);
				PRODUCT_BUNDLE_IDENTIFIER = com.watchlist.party;
				SDKROOT = iphoneos;
				TARGETED_DEVICE_FAMILY = "1,2";
			};
			name = Release;
		};
		B7FAB40377B26E25E3D36283 /* Debug */ = {
			isa = XCBuildConfiguration;
			buildSettings = {
				ASSETCATALOG_COMPILER_APPICON_NAME = AppIcon;
				CODE_SIGN_IDENTITY = "iPhone Developer";
				INFOPLIST_FILE = "Generated/App-Info.plist";
				LD_RUNPATH_SEARCH_PATHS = (
					"$(inherited)",
					"@executable_path/Frameworks",
				);
				PRODUCT_BUNDLE_IDENTIFIER = com.watchlist.party;
				SDKROOT = iphoneos;
				TARGETED_DEVICE_FAMILY = "1,2";
			};
			name = Debug;
		};
		BD2003F8AF95E0A94BF0AA58 /* Release */ = {
			isa = XCBuildConfiguration;
			buildSettings = {
				ALWAYS_SEARCH_USER_PATHS = NO;
				CLANG_ANALYZER_NONNULL = YES;
				CLANG_ANALYZER_NUMBER_OBJECT_CONVERSION = YES_AGGRESSIVE;
				CLANG_CXX_LANGUAGE_STANDARD = "gnu++14";
				CLANG_CXX_LIBRARY = "libc++";
				CLANG_ENABLE_MODULES = YES;
				CLANG_ENABLE_OBJC_ARC = YES;
				CLANG_ENABLE_OBJC_WEAK = YES;
				CLANG_WARN_BLOCK_CAPTURE_AUTORELEASING = YES;
				CLANG_WARN_BOOL_CONVERSION = YES;
				CLANG_WARN_COMMA = YES;
				CLANG_WARN_CONSTANT_CONVERSION = YES;
				CLANG_WARN_DEPRECATED_OBJC_IMPLEMENTATIONS = YES;
				CLANG_WARN_DIRECT_OBJC_ISA_USAGE = YES_ERROR;
				CLANG_WARN_DOCUMENTATION_COMMENTS = YES;
				CLANG_WARN_EMPTY_BODY = YES;
				CLANG_WARN_ENUM_CONVERSION = YES;
				CLANG_WARN_INFINITE_RECURSION = YES;
				CLANG_WARN_INT_CONVERSION = YES;
				CLANG_WARN_NON_LITERAL_NULL_CONVERSION = YES;
				CLANG_WARN_OBJC_IMPLICIT_RETAIN_SELF = YES;
				CLANG_WARN_OBJC_LITERAL_CONVERSION = YES;
				CLANG_WARN_OBJC_ROOT_CLASS = YES_ERROR;
				CLANG_WARN_QUOTED_INCLUDE_IN_FRAMEWORK_HEADER = YES;
				CLANG_WARN_RANGE_LOOP_ANALYSIS = YES;
				CLANG_WARN_STRICT_PROTOTYPES = YES;
				CLANG_WARN_SUSPICIOUS_MOVE = YES;
				CLANG_WARN_UNGUARDED_AVAILABILITY = YES_AGGRESSIVE;
				CLANG_WARN_UNREACHABLE_CODE = YES;
				CLANG_WARN__DUPLICATE_METHOD_MATCH = YES;
				CODE_SIGN_STYLE = Automatic;
				COPY_PHASE_STRIP = NO;
				CURRENT_PROJECT_VERSION = 1;
				DEBUG_INFORMATION_FORMAT = "dwarf-with-dsym";
				ENABLE_NS_ASSERTIONS = NO;
				ENABLE_STRICT_OBJC_MSGSEND = YES;
				GCC_C_LANGUAGE_STANDARD = gnu11;
				GCC_NO_COMMON_BLOCKS = YES;
				GCC_WARN_64_TO_32_BIT_CONVERSION = YES;
				GCC_WARN_ABOUT_RETURN_TYPE = YES_ERROR;
				GCC_WARN_UNDECLARED_SELECTOR = YES;
				GCC_WARN_UNINITIALIZED_AUTOS = YES_AGGRESSIVE;
				GCC_WARN_UNUSED_FUNCTION = YES;
				GCC_WARN_UNUSED_VARIABLE = YES;
				GENERATE_INFOPLIST_FILE = NO;
				IPHONEOS_DEPLOYMENT_TARGET = 15.0;
				MARKETING_VERSION = 1.0;
				MTL_ENABLE_DEBUG_INFO = NO;
				MTL_FAST_MATH = YES;
				PRODUCT_NAME = "$(TARGET_NAME)";
				SDKROOT = iphoneos;
				SWIFT_COMPILATION_MODE = wholemodule;
				SWIFT_OPTIMIZATION_LEVEL = "-O";
				SWIFT_VERSION = 5.0;
			};
			name = Release;
		};
		C8947A9187536B87AB0BE935 /* Release */ = {
			isa = XCBuildConfiguration;
			buildSettings = {
				INFOPLIST_FILE = "Generated/Ext-Info.plist";
				LD_RUNPATH_SEARCH_PATHS = (
					"$(inherited)",
					"@executable_path/Frameworks",
					"@executable_path/../../Frameworks",
				);
				PRODUCT_BUNDLE_IDENTIFIER = com.watchlist.party.BroadcastExt;
				SDKROOT = iphoneos;
				TARGETED_DEVICE_FAMILY = "1,2";
			};
			name = Release;
		};
/* End XCBuildConfiguration section */

/* Begin XCConfigurationList section */
		408394B19159BE9EA903EF6E /* Build configuration list for PBXProject "WatchListParty" */ = {
			isa = XCConfigurationList;
			buildConfigurations = (
				48AFDA6A94CF23AD9DDC7961 /* Debug */,
				BD2003F8AF95E0A94BF0AA58 /* Release */,
			);
			defaultConfigurationIsVisible = 0;
			defaultConfigurationName = Debug;
		};
		44D6203580886F592FD4EF97 /* Build configuration list for PBXNativeTarget "WatchListParty" */ = {
			isa = XCConfigurationList;
			buildConfigurations = (
				B7FAB40377B26E25E3D36283 /* Debug */,
				AAC8B67BADEA310290D86A2A /* Release */,
			);
			defaultConfigurationIsVisible = 0;
			defaultConfigurationName = Debug;
		};
		532A7ABFA5BFDD20674CD26D /* Build configuration list for PBXNativeTarget "BroadcastExt" */ = {
			isa = XCConfigurationList;
			buildConfigurations = (
				A5C7183DD6BBE0C1C101CD5F /* Debug */,
				C8947A9187536B87AB0BE935 /* Release */,
			);
			defaultConfigurationIsVisible = 0;
			defaultConfigurationName = Debug;
		};
/* End XCConfigurationList section */

/* Begin XCRemoteSwiftPackageReference section */
		4864D3D4E7E311C26CC1731D /* XCRemoteSwiftPackageReference "WebRTC" */ = {
			isa = XCRemoteSwiftPackageReference;
			repositoryURL = "https://github.com/stasel/WebRTC.git";
			requirement = {
				kind = upToNextMajorVersion;
				minimumVersion = 150.0.0;
			};
		};
/* End XCRemoteSwiftPackageReference section */

/* Begin XCSwiftPackageProductDependency section */
		8C006DD8D283CC325BC55021 /* WebRTC */ = {
			isa = XCSwiftPackageProductDependency;
			package = 4864D3D4E7E311C26CC1731D /* XCRemoteSwiftPackageReference "WebRTC" */;
			productName = WebRTC;
		};
/* End XCSwiftPackageProductDependency section */
	};
	rootObject = CA4AB45AF99ABF6D7DA83E8F /* Project object */;
}
