// !$*UTF8*$!
{
	archiveVersion = 1;
	classes = {
	};
	objectVersion = 77;
	objects = {

/* Begin PBXBuildFile section */
		524674EE301A8DC0002C7024 /* AppDelegate.swift in Sources */ = {isa = PBXBuildFile; fileRef = 524674ED301A8DC0002C7024 /* AppDelegate.swift */; };
		524674F0301A8DC0002C7024 /* SceneDelegate.swift in Sources */ = {isa = PBXBuildFile; fileRef = 524674EF301A8DC0002C7024 /* SceneDelegate.swift */; };
		524674F3301A8DC0002C7024 /* LaunchScreen.storyboard in Resources */ = {isa = PBXBuildFile; fileRef = 524674F1301A8DC0002C7024 /* LaunchScreen.storyboard */; };
		524674F6301A8DC0002C7024 /* Main.storyboard in Resources */ = {isa = PBXBuildFile; fileRef = 524674F4301A8DC0002C7024 /* Main.storyboard */; };
		524674FF301A8DC0002C7024 /* AppDelegate.swift in Sources */ = {isa = PBXBuildFile; fileRef = 524674FE301A8DC0002C7024 /* AppDelegate.swift */; };
		52467502301A8DC0002C7024 /* Main.storyboard in Resources */ = {isa = PBXBuildFile; fileRef = 52467500301A8DC0002C7024 /* Main.storyboard */; };
		52467509301A8DC0002C7024 /* WatchList Party Sync Extension.appex in Embed Foundation Extensions */ = {isa = PBXBuildFile; fileRef = 52467508301A8DC0002C7024 /* WatchList Party Sync Extension.appex */; settings = {ATTRIBUTES = (RemoveHeadersOnCopy, ); }; };
		52467513301A8DC0002C7024 /* WatchList Party Sync Extension.appex in Embed Foundation Extensions */ = {isa = PBXBuildFile; fileRef = 52467512301A8DC0002C7024 /* WatchList Party Sync Extension.appex */; settings = {ATTRIBUTES = (RemoveHeadersOnCopy, ); }; };
		52467518301A8DC0002C7024 /* Main.html in Resources */ = {isa = PBXBuildFile; fileRef = 524674DD301A8DBF002C7024 /* Main.html */; };
		52467519301A8DC0002C7024 /* Main.html in Resources */ = {isa = PBXBuildFile; fileRef = 524674DD301A8DBF002C7024 /* Main.html */; };
		5246751A301A8DC0002C7024 /* Icon.png in Resources */ = {isa = PBXBuildFile; fileRef = 524674DF301A8DBF002C7024 /* Icon.png */; };
		5246751B301A8DC0002C7024 /* Icon.png in Resources */ = {isa = PBXBuildFile; fileRef = 524674DF301A8DBF002C7024 /* Icon.png */; };
		5246751C301A8DC0002C7024 /* Style.css in Resources */ = {isa = PBXBuildFile; fileRef = 524674E0301A8DBF002C7024 /* Style.css */; };
		5246751D301A8DC0002C7024 /* Style.css in Resources */ = {isa = PBXBuildFile; fileRef = 524674E0301A8DBF002C7024 /* Style.css */; };
		5246751E301A8DC0002C7024 /* Script.js in Resources */ = {isa = PBXBuildFile; fileRef = 524674E1301A8DBF002C7024 /* Script.js */; };
		5246751F301A8DC0002C7024 /* Script.js in Resources */ = {isa = PBXBuildFile; fileRef = 524674E1301A8DBF002C7024 /* Script.js */; };
		52467520301A8DC0002C7024 /* ViewController.swift in Sources */ = {isa = PBXBuildFile; fileRef = 524674E2301A8DBF002C7024 /* ViewController.swift */; };
		52467521301A8DC0002C7024 /* ViewController.swift in Sources */ = {isa = PBXBuildFile; fileRef = 524674E2301A8DBF002C7024 /* ViewController.swift */; };
		52467522301A8DC0002C7024 /* Assets.xcassets in Resources */ = {isa = PBXBuildFile; fileRef = 524674E3301A8DC0002C7024 /* Assets.xcassets */; };
		52467523301A8DC0002C7024 /* Assets.xcassets in Resources */ = {isa = PBXBuildFile; fileRef = 524674E3301A8DC0002C7024 /* Assets.xcassets */; };
		52467524301A8DC0002C7024 /* SafariWebExtensionHandler.swift in Sources */ = {isa = PBXBuildFile; fileRef = 524674E5301A8DC0002C7024 /* SafariWebExtensionHandler.swift */; };
		52467525301A8DC0002C7024 /* SafariWebExtensionHandler.swift in Sources */ = {isa = PBXBuildFile; fileRef = 524674E5301A8DC0002C7024 /* SafariWebExtensionHandler.swift */; };
		5246753D301A8DC0002C7024 /* popup.js in Resources */ = {isa = PBXBuildFile; fileRef = 52467537301A8DC0002C7024 /* popup.js */; };
		5246753E301A8DC0002C7024 /* popup.html in Resources */ = {isa = PBXBuildFile; fileRef = 52467538301A8DC0002C7024 /* popup.html */; };
		5246753F301A8DC0002C7024 /* README.md in Resources */ = {isa = PBXBuildFile; fileRef = 52467539301A8DC0002C7024 /* README.md */; };
		52467540301A8DC0002C7024 /* icons in Resources */ = {isa = PBXBuildFile; fileRef = 5246753A301A8DC0002C7024 /* icons */; };
		52467541301A8DC0002C7024 /* manifest.json in Resources */ = {isa = PBXBuildFile; fileRef = 5246753B301A8DC0002C7024 /* manifest.json */; };
		52467542301A8DC0002C7024 /* content.js in Resources */ = {isa = PBXBuildFile; fileRef = 5246753C301A8DC0002C7024 /* content.js */; };
		52467543301A8DC0002C7024 /* popup.js in Resources */ = {isa = PBXBuildFile; fileRef = 52467537301A8DC0002C7024 /* popup.js */; };
		52467544301A8DC0002C7024 /* popup.html in Resources */ = {isa = PBXBuildFile; fileRef = 52467538301A8DC0002C7024 /* popup.html */; };
		52467545301A8DC0002C7024 /* README.md in Resources */ = {isa = PBXBuildFile; fileRef = 52467539301A8DC0002C7024 /* README.md */; };
		52467546301A8DC0002C7024 /* icons in Resources */ = {isa = PBXBuildFile; fileRef = 5246753A301A8DC0002C7024 /* icons */; };
		52467547301A8DC0002C7024 /* manifest.json in Resources */ = {isa = PBXBuildFile; fileRef = 5246753B301A8DC0002C7024 /* manifest.json */; };
		52467548301A8DC0002C7024 /* content.js in Resources */ = {isa = PBXBuildFile; fileRef = 5246753C301A8DC0002C7024 /* content.js */; };
/* End PBXBuildFile section */

/* Begin PBXContainerItemProxy section */
		5246750A301A8DC0002C7024 /* PBXContainerItemProxy */ = {
			isa = PBXContainerItemProxy;
			containerPortal = 524674D7301A8DBF002C7024 /* Project object */;
			proxyType = 1;
			remoteGlobalIDString = 52467507301A8DC0002C7024;
			remoteInfo = "WatchList Party Sync Extension (iOS)";
		};
		52467514301A8DC0002C7024 /* PBXContainerItemProxy */ = {
			isa = PBXContainerItemProxy;
			containerPortal = 524674D7301A8DBF002C7024 /* Project object */;
			proxyType = 1;
			remoteGlobalIDString = 52467511301A8DC0002C7024;
			remoteInfo = "WatchList Party Sync Extension (macOS)";
		};
/* End PBXContainerItemProxy section */

/* Begin PBXCopyFilesBuildPhase section */
		5246752B301A8DC0002C7024 /* Embed Foundation Extensions */ = {
			isa = PBXCopyFilesBuildPhase;
			buildActionMask = 2147483647;
			dstPath = "";
			dstSubfolderSpec = 13;
			files = (
				52467509301A8DC0002C7024 /* WatchList Party Sync Extension.appex in Embed Foundation Extensions */,
			);
			name = "Embed Foundation Extensions";
			runOnlyForDeploymentPostprocessing = 0;
		};
		52467532301A8DC0002C7024 /* Embed Foundation Extensions */ = {
			isa = PBXCopyFilesBuildPhase;
			buildActionMask = 2147483647;
			dstPath = "";
			dstSubfolderSpec = 13;
			files = (
				52467513301A8DC0002C7024 /* WatchList Party Sync Extension.appex in Embed Foundation Extensions */,
			);
			name = "Embed Foundation Extensions";
			runOnlyForDeploymentPostprocessing = 0;
		};
/* End PBXCopyFilesBuildPhase section */

/* Begin PBXFileReference section */
		524674DE301A8DBF002C7024 /* Base */ = {isa = PBXFileReference; lastKnownFileType = text.html; name = Base; path = Base.lproj/Main.html; sourceTree = "<group>"; };
		524674DF301A8DBF002C7024 /* Icon.png */ = {isa = PBXFileReference; lastKnownFileType = image.png; path = Icon.png; sourceTree = "<group>"; };
		524674E0301A8DBF002C7024 /* Style.css */ = {isa = PBXFileReference; lastKnownFileType = text.css; path = Style.css; sourceTree = "<group>"; };
		524674E1301A8DBF002C7024 /* Script.js */ = {isa = PBXFileReference; lastKnownFileType = sourcecode.javascript; path = Script.js; sourceTree = "<group>"; };
		524674E2301A8DBF002C7024 /* ViewController.swift */ = {isa = PBXFileReference; lastKnownFileType = sourcecode.swift; path = ViewController.swift; sourceTree = "<group>"; };
		524674E3301A8DC0002C7024 /* Assets.xcassets */ = {isa = PBXFileReference; lastKnownFileType = folder.assetcatalog; path = Assets.xcassets; sourceTree = "<group>"; };
		524674E5301A8DC0002C7024 /* SafariWebExtensionHandler.swift */ = {isa = PBXFileReference; lastKnownFileType = sourcecode.swift; path = SafariWebExtensionHandler.swift; sourceTree = "<group>"; };
		524674EA301A8DC0002C7024 /* WatchList Party Sync.app */ = {isa = PBXFileReference; explicitFileType = wrapper.application; includeInIndex = 0; path = "WatchList Party Sync.app"; sourceTree = BUILT_PRODUCTS_DIR; };
		524674ED301A8DC0002C7024 /* AppDelegate.swift */ = {isa = PBXFileReference; lastKnownFileType = sourcecode.swift; path = AppDelegate.swift; sourceTree = "<group>"; };
		524674EF301A8DC0002C7024 /* SceneDelegate.swift */ = {isa = PBXFileReference; lastKnownFileType = sourcecode.swift; path = SceneDelegate.swift; sourceTree = "<group>"; };
		524674F2301A8DC0002C7024 /* Base */ = {isa = PBXFileReference; lastKnownFileType = file.storyboard; name = Base; path = Base.lproj/LaunchScreen.storyboard; sourceTree = "<group>"; };
		524674F5301A8DC0002C7024 /* Base */ = {isa = PBXFileReference; lastKnownFileType = file.storyboard; name = Base; path = Base.lproj/Main.storyboard; sourceTree = "<group>"; };
		524674F7301A8DC0002C7024 /* Info.plist */ = {isa = PBXFileReference; lastKnownFileType = text.plist.xml; path = Info.plist; sourceTree = "<group>"; };
		524674FC301A8DC0002C7024 /* WatchList Party Sync.app */ = {isa = PBXFileReference; explicitFileType = wrapper.application; includeInIndex = 0; path = "WatchList Party Sync.app"; sourceTree = BUILT_PRODUCTS_DIR; };
		524674FE301A8DC0002C7024 /* AppDelegate.swift */ = {isa = PBXFileReference; lastKnownFileType = sourcecode.swift; path = AppDelegate.swift; sourceTree = "<group>"; };
		52467501301A8DC0002C7024 /* Base */ = {isa = PBXFileReference; lastKnownFileType = file.storyboard; name = Base; path = Base.lproj/Main.storyboard; sourceTree = "<group>"; };
		52467503301A8DC0002C7024 /* Info.plist */ = {isa = PBXFileReference; lastKnownFileType = text.plist.xml; path = Info.plist; sourceTree = "<group>"; };
		52467508301A8DC0002C7024 /* WatchList Party Sync Extension.appex */ = {isa = PBXFileReference; explicitFileType = "wrapper.app-extension"; includeInIndex = 0; path = "WatchList Party Sync Extension.appex"; sourceTree = BUILT_PRODUCTS_DIR; };
		5246750D301A8DC0002C7024 /* Info.plist */ = {isa = PBXFileReference; lastKnownFileType = text.plist.xml; path = Info.plist; sourceTree = "<group>"; };
		52467512301A8DC0002C7024 /* WatchList Party Sync Extension.appex */ = {isa = PBXFileReference; explicitFileType = "wrapper.app-extension"; includeInIndex = 0; path = "WatchList Party Sync Extension.appex"; sourceTree = BUILT_PRODUCTS_DIR; };
		52467517301A8DC0002C7024 /* Info.plist */ = {isa = PBXFileReference; lastKnownFileType = text.plist.xml; path = Info.plist; sourceTree = "<group>"; };
		52467537301A8DC0002C7024 /* popup.js */ = {isa = PBXFileReference; lastKnownFileType = sourcecode.javascript; name = popup.js; path = ../../../extension/popup.js; sourceTree = "<group>"; };
		52467538301A8DC0002C7024 /* popup.html */ = {isa = PBXFileReference; lastKnownFileType = text.html; name = popup.html; path = ../../../extension/popup.html; sourceTree = "<group>"; };
		52467539301A8DC0002C7024 /* README.md */ = {isa = PBXFileReference; lastKnownFileType = net.daringfireball.markdown; name = README.md; path = ../../../extension/README.md; sourceTree = "<group>"; };
		5246753A301A8DC0002C7024 /* icons */ = {isa = PBXFileReference; lastKnownFileType = folder; name = icons; path = ../../../extension/icons; sourceTree = "<group>"; };
		5246753B301A8DC0002C7024 /* manifest.json */ = {isa = PBXFileReference; lastKnownFileType = text.json; name = manifest.json; path = ../../../extension/manifest.json; sourceTree = "<group>"; };
		5246753C301A8DC0002C7024 /* content.js */ = {isa = PBXFileReference; lastKnownFileType = sourcecode.javascript; name = content.js; path = ../../../extension/content.js; sourceTree = "<group>"; };
/* End PBXFileReference section */

/* Begin PBXFrameworksBuildPhase section */
		524674E7301A8DC0002C7024 /* Frameworks */ = {
			isa = PBXFrameworksBuildPhase;
			buildActionMask = 2147483647;
			files = (
			);
			runOnlyForDeploymentPostprocessing = 0;
		};
		524674F9301A8DC0002C7024 /* Frameworks */ = {
			isa = PBXFrameworksBuildPhase;
			buildActionMask = 2147483647;
			files = (
			);
			runOnlyForDeploymentPostprocessing = 0;
		};
		52467505301A8DC0002C7024 /* Frameworks */ = {
			isa = PBXFrameworksBuildPhase;
			buildActionMask = 2147483647;
			files = (
			);
			runOnlyForDeploymentPostprocessing = 0;
		};
		5246750F301A8DC0002C7024 /* Frameworks */ = {
			isa = PBXFrameworksBuildPhase;
			buildActionMask = 2147483647;
			files = (
			);
			runOnlyForDeploymentPostprocessing = 0;
		};
/* End PBXFrameworksBuildPhase section */

/* Begin PBXGroup section */
		524674D6301A8DBF002C7024 = {
			isa = PBXGroup;
			children = (
				524674DB301A8DBF002C7024 /* Shared (App) */,
				524674E4301A8DC0002C7024 /* Shared (Extension) */,
				524674EC301A8DC0002C7024 /* iOS (App) */,
				524674FD301A8DC0002C7024 /* macOS (App) */,
				5246750C301A8DC0002C7024 /* iOS (Extension) */,
				52467516301A8DC0002C7024 /* macOS (Extension) */,
				524674EB301A8DC0002C7024 /* Products */,
			);
			sourceTree = "<group>";
		};
		524674DB301A8DBF002C7024 /* Shared (App) */ = {
			isa = PBXGroup;
			children = (
				524674E2301A8DBF002C7024 /* ViewController.swift */,
				524674E3301A8DC0002C7024 /* Assets.xcassets */,
				524674DC301A8DBF002C7024 /* Resources */,
			);
			path = "Shared (App)";
			sourceTree = "<group>";
		};
		524674DC301A8DBF002C7024 /* Resources */ = {
			isa = PBXGroup;
			children = (
				524674DD301A8DBF002C7024 /* Main.html */,
				524674DF301A8DBF002C7024 /* Icon.png */,
				524674E0301A8DBF002C7024 /* Style.css */,
				524674E1301A8DBF002C7024 /* Script.js */,
			);
			path = Resources;
			sourceTree = "<group>";
		};
		524674E4301A8DC0002C7024 /* Shared (Extension) */ = {
			isa = PBXGroup;
			children = (
				52467536301A8DC0002C7024 /* Resources */,
				524674E5301A8DC0002C7024 /* SafariWebExtensionHandler.swift */,
			);
			path = "Shared (Extension)";
			sourceTree = "<group>";
		};
		524674EB301A8DC0002C7024 /* Products */ = {
			isa = PBXGroup;
			children = (
				524674EA301A8DC0002C7024 /* WatchList Party Sync.app */,
				524674FC301A8DC0002C7024 /* WatchList Party Sync.app */,
				52467508301A8DC0002C7024 /* WatchList Party Sync Extension.appex */,
				52467512301A8DC0002C7024 /* WatchList Party Sync Extension.appex */,
			);
			name = Products;
			sourceTree = "<group>";
		};
		524674EC301A8DC0002C7024 /* iOS (App) */ = {
			isa = PBXGroup;
			children = (
				524674ED301A8DC0002C7024 /* AppDelegate.swift */,
				524674EF301A8DC0002C7024 /* SceneDelegate.swift */,
				524674F1301A8DC0002C7024 /* LaunchScreen.storyboard */,
				524674F4301A8DC0002C7024 /* Main.storyboard */,
				524674F7301A8DC0002C7024 /* Info.plist */,
			);
			path = "iOS (App)";
			sourceTree = "<group>";
		};
		524674FD301A8DC0002C7024 /* macOS (App) */ = {
			isa = PBXGroup;
			children = (
				524674FE301A8DC0002C7024 /* AppDelegate.swift */,
				52467500301A8DC0002C7024 /* Main.storyboard */,
				52467503301A8DC0002C7024 /* Info.plist */,
			);
			path = "macOS (App)";
			sourceTree = "<group>";
		};
		5246750C301A8DC0002C7024 /* iOS (Extension) */ = {
			isa = PBXGroup;
			children = (
				5246750D301A8DC0002C7024 /* Info.plist */,
			);
			path = "iOS (Extension)";
			sourceTree = "<group>";
		};
		52467516301A8DC0002C7024 /* macOS (Extension) */ = {
			isa = PBXGroup;
			children = (
				52467517301A8DC0002C7024 /* Info.plist */,
			);
			path = "macOS (Extension)";
			sourceTree = "<group>";
		};
		52467536301A8DC0002C7024 /* Resources */ = {
			isa = PBXGroup;
			children = (
				52467537301A8DC0002C7024 /* popup.js */,
				52467538301A8DC0002C7024 /* popup.html */,
				52467539301A8DC0002C7024 /* README.md */,
				5246753A301A8DC0002C7024 /* icons */,
				5246753B301A8DC0002C7024 /* manifest.json */,
				5246753C301A8DC0002C7024 /* content.js */,
			);
			name = Resources;
			path = "Shared (Extension)";
			sourceTree = SOURCE_ROOT;
		};
/* End PBXGroup section */

/* Begin PBXNativeTarget section */
		524674E9301A8DC0002C7024 /* WatchList Party Sync (iOS) */ = {
			isa = PBXNativeTarget;
			buildConfigurationList = 5246752C301A8DC0002C7024 /* Build configuration list for PBXNativeTarget "WatchList Party Sync (iOS)" */;
			buildPhases = (
				524674E6301A8DC0002C7024 /* Sources */,
				524674E7301A8DC0002C7024 /* Frameworks */,
				524674E8301A8DC0002C7024 /* Resources */,
				5246752B301A8DC0002C7024 /* Embed Foundation Extensions */,
			);
			buildRules = (
			);
			dependencies = (
				5246750B301A8DC0002C7024 /* PBXTargetDependency */,
			);
			name = "WatchList Party Sync (iOS)";
			packageProductDependencies = (
			);
			productName = "WatchList Party Sync (iOS)";
			productReference = 524674EA301A8DC0002C7024 /* WatchList Party Sync.app */;
			productType = "com.apple.product-type.application";
		};
		524674FB301A8DC0002C7024 /* WatchList Party Sync (macOS) */ = {
			isa = PBXNativeTarget;
			buildConfigurationList = 52467533301A8DC0002C7024 /* Build configuration list for PBXNativeTarget "WatchList Party Sync (macOS)" */;
			buildPhases = (
				524674F8301A8DC0002C7024 /* Sources */,
				524674F9301A8DC0002C7024 /* Frameworks */,
				524674FA301A8DC0002C7024 /* Resources */,
				52467532301A8DC0002C7024 /* Embed Foundation Extensions */,
			);
			buildRules = (
			);
			dependencies = (
				52467515301A8DC0002C7024 /* PBXTargetDependency */,
			);
			name = "WatchList Party Sync (macOS)";
			packageProductDependencies = (
			);
			productName = "WatchList Party Sync (macOS)";
			productReference = 524674FC301A8DC0002C7024 /* WatchList Party Sync.app */;
			productType = "com.apple.product-type.application";
		};
		52467507301A8DC0002C7024 /* WatchList Party Sync Extension (iOS) */ = {
			isa = PBXNativeTarget;
			buildConfigurationList = 52467528301A8DC0002C7024 /* Build configuration list for PBXNativeTarget "WatchList Party Sync Extension (iOS)" */;
			buildPhases = (
				52467504301A8DC0002C7024 /* Sources */,
				52467505301A8DC0002C7024 /* Frameworks */,
				52467506301A8DC0002C7024 /* Resources */,
			);
			buildRules = (
			);
			dependencies = (
			);
			name = "WatchList Party Sync Extension (iOS)";
			packageProductDependencies = (
			);
			productName = "WatchList Party Sync Extension (iOS)";
			productReference = 52467508301A8DC0002C7024 /* WatchList Party Sync Extension.appex */;
			productType = "com.apple.product-type.app-extension";
		};
		52467511301A8DC0002C7024 /* WatchList Party Sync Extension (macOS) */ = {
			isa = PBXNativeTarget;
			buildConfigurationList = 5246752F301A8DC0002C7024 /* Build configuration list for PBXNativeTarget "WatchList Party Sync Extension (macOS)" */;
			buildPhases = (
				5246750E301A8DC0002C7024 /* Sources */,
				5246750F301A8DC0002C7024 /* Frameworks */,
				52467510301A8DC0002C7024 /* Resources */,
			);
			buildRules = (
			);
			dependencies = (
			);
			name = "WatchList Party Sync Extension (macOS)";
			packageProductDependencies = (
			);
			productName = "WatchList Party Sync Extension (macOS)";
			productReference = 52467512301A8DC0002C7024 /* WatchList Party Sync Extension.appex */;
			productType = "com.apple.product-type.app-extension";
		};
/* End PBXNativeTarget section */

/* Begin PBXProject section */
		524674D7301A8DBF002C7024 /* Project object */ = {
			isa = PBXProject;
			attributes = {
				BuildIndependentTargetsInParallel = 1;
				LastSwiftUpdateCheck = 2660;
				LastUpgradeCheck = 2660;
				TargetAttributes = {
					524674E9301A8DC0002C7024 = {
						CreatedOnToolsVersion = 26.6;
					};
					524674FB301A8DC0002C7024 = {
						CreatedOnToolsVersion = 26.6;
					};
					52467507301A8DC0002C7024 = {
						CreatedOnToolsVersion = 26.6;
					};
					52467511301A8DC0002C7024 = {
						CreatedOnToolsVersion = 26.6;
					};
				};
			};
			buildConfigurationList = 524674DA301A8DBF002C7024 /* Build configuration list for PBXProject "WatchList Party Sync" */;
			developmentRegion = en;
			hasScannedForEncodings = 0;
			knownRegions = (
				en,
				Base,
			);
			mainGroup = 524674D6301A8DBF002C7024;
			minimizedProjectReferenceProxies = 1;
			preferredProjectObjectVersion = 77;
			productRefGroup = 524674EB301A8DC0002C7024 /* Products */;
			projectDirPath = "";
			projectRoot = "";
			targets = (
				524674E9301A8DC0002C7024 /* WatchList Party Sync (iOS) */,
				524674FB301A8DC0002C7024 /* WatchList Party Sync (macOS) */,
				52467507301A8DC0002C7024 /* WatchList Party Sync Extension (iOS) */,
				52467511301A8DC0002C7024 /* WatchList Party Sync Extension (macOS) */,
			);
		};
/* End PBXProject section */

/* Begin PBXResourcesBuildPhase section */
		524674E8301A8DC0002C7024 /* Resources */ = {
			isa = PBXResourcesBuildPhase;
			buildActionMask = 2147483647;
			files = (
				5246751A301A8DC0002C7024 /* Icon.png in Resources */,
				524674F3301A8DC0002C7024 /* LaunchScreen.storyboard in Resources */,
				52467518301A8DC0002C7024 /* Main.html in Resources */,
				5246751E301A8DC0002C7024 /* Script.js in Resources */,
				52467522301A8DC0002C7024 /* Assets.xcassets in Resources */,
				524674F6301A8DC0002C7024 /* Main.storyboard in Resources */,
				5246751C301A8DC0002C7024 /* Style.css in Resources */,
			);
			runOnlyForDeploymentPostprocessing = 0;
		};
		524674FA301A8DC0002C7024 /* Resources */ = {
			isa = PBXResourcesBuildPhase;
			buildActionMask = 2147483647;
			files = (
				5246751B301A8DC0002C7024 /* Icon.png in Resources */,
				5246751D301A8DC0002C7024 /* Style.css in Resources */,
				52467502301A8DC0002C7024 /* Main.storyboard in Resources */,
				5246751F301A8DC0002C7024 /* Script.js in Resources */,
				52467523301A8DC0002C7024 /* Assets.xcassets in Resources */,
				52467519301A8DC0002C7024 /* Main.html in Resources */,
			);
			runOnlyForDeploymentPostprocessing = 0;
		};
		52467506301A8DC0002C7024 /* Resources */ = {
			isa = PBXResourcesBuildPhase;
			buildActionMask = 2147483647;
			files = (
				52467548301A8DC0002C7024 /* content.js in Resources */,
				52467545301A8DC0002C7024 /* README.md in Resources */,
				52467546301A8DC0002C7024 /* icons in Resources */,
				52467547301A8DC0002C7024 /* manifest.json in Resources */,
				52467543301A8DC0002C7024 /* popup.js in Resources */,
				52467544301A8DC0002C7024 /* popup.html in Resources */,
			);
			runOnlyForDeploymentPostprocessing = 0;
		};
		52467510301A8DC0002C7024 /* Resources */ = {
			isa = PBXResourcesBuildPhase;
			buildActionMask = 2147483647;
			files = (
				52467542301A8DC0002C7024 /* content.js in Resources */,
				5246753F301A8DC0002C7024 /* README.md in Resources */,
				52467540301A8DC0002C7024 /* icons in Resources */,
				52467541301A8DC0002C7024 /* manifest.json in Resources */,
				5246753D301A8DC0002C7024 /* popup.js in Resources */,
				5246753E301A8DC0002C7024 /* popup.html in Resources */,
			);
			runOnlyForDeploymentPostprocessing = 0;
		};
/* End PBXResourcesBuildPhase section */

/* Begin PBXSourcesBuildPhase section */
		524674E6301A8DC0002C7024 /* Sources */ = {
			isa = PBXSourcesBuildPhase;
			buildActionMask = 2147483647;
			files = (
				52467520301A8DC0002C7024 /* ViewController.swift in Sources */,
				524674EE301A8DC0002C7024 /* AppDelegate.swift in Sources */,
				524674F0301A8DC0002C7024 /* SceneDelegate.swift in Sources */,
			);
			runOnlyForDeploymentPostprocessing = 0;
		};
		524674F8301A8DC0002C7024 /* Sources */ = {
			isa = PBXSourcesBuildPhase;
			buildActionMask = 2147483647;
			files = (
				52467521301A8DC0002C7024 /* ViewController.swift in Sources */,
				524674FF301A8DC0002C7024 /* AppDelegate.swift in Sources */,
			);
			runOnlyForDeploymentPostprocessing = 0;
		};
		52467504301A8DC0002C7024 /* Sources */ = {
			isa = PBXSourcesBuildPhase;
			buildActionMask = 2147483647;
			files = (
				52467524301A8DC0002C7024 /* SafariWebExtensionHandler.swift in Sources */,
			);
			runOnlyForDeploymentPostprocessing = 0;
		};
		5246750E301A8DC0002C7024 /* Sources */ = {
			isa = PBXSourcesBuildPhase;
			buildActionMask = 2147483647;
			files = (
				52467525301A8DC0002C7024 /* SafariWebExtensionHandler.swift in Sources */,
			);
			runOnlyForDeploymentPostprocessing = 0;
		};
/* End PBXSourcesBuildPhase section */

/* Begin PBXTargetDependency section */
		5246750B301A8DC0002C7024 /* PBXTargetDependency */ = {
			isa = PBXTargetDependency;
			target = 52467507301A8DC0002C7024 /* WatchList Party Sync Extension (iOS) */;
			targetProxy = 5246750A301A8DC0002C7024 /* PBXContainerItemProxy */;
		};
		52467515301A8DC0002C7024 /* PBXTargetDependency */ = {
			isa = PBXTargetDependency;
			target = 52467511301A8DC0002C7024 /* WatchList Party Sync Extension (macOS) */;
			targetProxy = 52467514301A8DC0002C7024 /* PBXContainerItemProxy */;
		};
/* End PBXTargetDependency section */

/* Begin PBXVariantGroup section */
		524674DD301A8DBF002C7024 /* Main.html */ = {
			isa = PBXVariantGroup;
			children = (
				524674DE301A8DBF002C7024 /* Base */,
			);
			name = Main.html;
			sourceTree = "<group>";
		};
		524674F1301A8DC0002C7024 /* LaunchScreen.storyboard */ = {
			isa = PBXVariantGroup;
			children = (
				524674F2301A8DC0002C7024 /* Base */,
			);
			name = LaunchScreen.storyboard;
			sourceTree = "<group>";
		};
		524674F4301A8DC0002C7024 /* Main.storyboard */ = {
			isa = PBXVariantGroup;
			children = (
				524674F5301A8DC0002C7024 /* Base */,
			);
			name = Main.storyboard;
			sourceTree = "<group>";
		};
		52467500301A8DC0002C7024 /* Main.storyboard */ = {
			isa = PBXVariantGroup;
			children = (
				52467501301A8DC0002C7024 /* Base */,
			);
			name = Main.storyboard;
			sourceTree = "<group>";
		};
/* End PBXVariantGroup section */

/* Begin XCBuildConfiguration section */
		52467526301A8DC0002C7024 /* Debug */ = {
			isa = XCBuildConfiguration;
			buildSettings = {
				ALWAYS_SEARCH_USER_PATHS = NO;
				ASSETCATALOG_COMPILER_GENERATE_SWIFT_ASSET_SYMBOL_EXTENSIONS = YES;
				CLANG_ANALYZER_NONNULL = YES;
				CLANG_ANALYZER_NUMBER_OBJECT_CONVERSION = YES_AGGRESSIVE;
				CLANG_CXX_LANGUAGE_STANDARD = "gnu++20";
				CLANG_ENABLE_MODULES = YES;
				CLANG_ENABLE_OBJC_ARC = YES;
				CLANG_ENABLE_OBJC_WEAK = YES;
				CLANG_WARN_BLOCK_CAPTURE_AUTORELEASING = YES;
				CLANG_WARN_BOOL_CONVERSION = YES;
				CLANG_WARN_COMMA = YES;
				CLANG_WARN_CONSTANT_CONVERSION = YES;
				CLANG_WARN_DEPRECATED_OBJC_IMPLEMENTATIONS = YES;
				CLANG_WARN_DIRECT_OBJC_ISA_USAGE = YES_ERROR;
				CLANG_WARN_DOCUMENTATION_COMMENTS = YES;
				CLANG_WARN_EMPTY_BODY = YES;
				CLANG_WARN_ENUM_CONVERSION = YES;
				CLANG_WARN_INFINITE_RECURSION = YES;
				CLANG_WARN_INT_CONVERSION = YES;
				CLANG_WARN_NON_LITERAL_NULL_CONVERSION = YES;
				CLANG_WARN_OBJC_IMPLICIT_RETAIN_SELF = YES;
				CLANG_WARN_OBJC_LITERAL_CONVERSION = YES;
				CLANG_WARN_OBJC_ROOT_CLASS = YES_ERROR;
				CLANG_WARN_QUOTED_INCLUDE_IN_FRAMEWORK_HEADER = YES;
				CLANG_WARN_RANGE_LOOP_ANALYSIS = YES;
				CLANG_WARN_STRICT_PROTOTYPES = YES;
				CLANG_WARN_SUSPICIOUS_MOVE = YES;
				CLANG_WARN_UNGUARDED_AVAILABILITY = YES_AGGRESSIVE;
				CLANG_WARN_UNREACHABLE_CODE = YES;
				CLANG_WARN__DUPLICATE_METHOD_MATCH = YES;
				COPY_PHASE_STRIP = NO;
				DEBUG_INFORMATION_FORMAT = dwarf;
				ENABLE_STRICT_OBJC_MSGSEND = YES;
				ENABLE_TESTABILITY = YES;
				ENABLE_USER_SCRIPT_SANDBOXING = YES;
				GCC_C_LANGUAGE_STANDARD = gnu17;
				GCC_DYNAMIC_NO_PIC = NO;
				GCC_NO_COMMON_BLOCKS = YES;
				GCC_OPTIMIZATION_LEVEL = 0;
				GCC_PREPROCESSOR_DEFINITIONS = (
					"DEBUG=1",
					"$(inherited)",
				);
				GCC_WARN_64_TO_32_BIT_CONVERSION = YES;
				GCC_WARN_ABOUT_RETURN_TYPE = YES_ERROR;
				GCC_WARN_UNDECLARED_SELECTOR = YES;
				GCC_WARN_UNINITIALIZED_AUTOS = YES_AGGRESSIVE;
				GCC_WARN_UNUSED_FUNCTION = YES;
				GCC_WARN_UNUSED_VARIABLE = YES;
				LOCALIZATION_PREFERS_STRING_CATALOGS = YES;
				MTL_ENABLE_DEBUG_INFO = INCLUDE_SOURCE;
				MTL_FAST_MATH = YES;
				ONLY_ACTIVE_ARCH = YES;
				SWIFT_ACTIVE_COMPILATION_CONDITIONS = "DEBUG $(inherited)";
				SWIFT_OPTIMIZATION_LEVEL = "-Onone";
			};
			name = Debug;
		};
		52467527301A8DC0002C7024 /* Release */ = {
			isa = XCBuildConfiguration;
			buildSettings = {
				ALWAYS_SEARCH_USER_PATHS = NO;
				ASSETCATALOG_COMPILER_GENERATE_SWIFT_ASSET_SYMBOL_EXTENSIONS = YES;
				CLANG_ANALYZER_NONNULL = YES;
				CLANG_ANALYZER_NUMBER_OBJECT_CONVERSION = YES_AGGRESSIVE;
				CLANG_CXX_LANGUAGE_STANDARD = "gnu++20";
				CLANG_ENABLE_MODULES = YES;
				CLANG_ENABLE_OBJC_ARC = YES;
				CLANG_ENABLE_OBJC_WEAK = YES;
				CLANG_WARN_BLOCK_CAPTURE_AUTORELEASING = YES;
				CLANG_WARN_BOOL_CONVERSION = YES;
				CLANG_WARN_COMMA = YES;
				CLANG_WARN_CONSTANT_CONVERSION = YES;
				CLANG_WARN_DEPRECATED_OBJC_IMPLEMENTATIONS = YES;
				CLANG_WARN_DIRECT_OBJC_ISA_USAGE = YES_ERROR;
				CLANG_WARN_DOCUMENTATION_COMMENTS = YES;
				CLANG_WARN_EMPTY_BODY = YES;
				CLANG_WARN_ENUM_CONVERSION = YES;
				CLANG_WARN_INFINITE_RECURSION = YES;
				CLANG_WARN_INT_CONVERSION = YES;
				CLANG_WARN_NON_LITERAL_NULL_CONVERSION = YES;
				CLANG_WARN_OBJC_IMPLICIT_RETAIN_SELF = YES;
				CLANG_WARN_OBJC_LITERAL_CONVERSION = YES;
				CLANG_WARN_OBJC_ROOT_CLASS = YES_ERROR;
				CLANG_WARN_QUOTED_INCLUDE_IN_FRAMEWORK_HEADER = YES;
				CLANG_WARN_RANGE_LOOP_ANALYSIS = YES;
				CLANG_WARN_STRICT_PROTOTYPES = YES;
				CLANG_WARN_SUSPICIOUS_MOVE = YES;
				CLANG_WARN_UNGUARDED_AVAILABILITY = YES_AGGRESSIVE;
				CLANG_WARN_UNREACHABLE_CODE = YES;
				CLANG_WARN__DUPLICATE_METHOD_MATCH = YES;
				COPY_PHASE_STRIP = NO;
				DEBUG_INFORMATION_FORMAT = "dwarf-with-dsym";
				ENABLE_NS_ASSERTIONS = NO;
				ENABLE_STRICT_OBJC_MSGSEND = YES;
				ENABLE_USER_SCRIPT_SANDBOXING = YES;
				GCC_C_LANGUAGE_STANDARD = gnu17;
				GCC_NO_COMMON_BLOCKS = YES;
				GCC_WARN_64_TO_32_BIT_CONVERSION = YES;
				GCC_WARN_ABOUT_RETURN_TYPE = YES_ERROR;
				GCC_WARN_UNDECLARED_SELECTOR = YES;
				GCC_WARN_UNINITIALIZED_AUTOS = YES_AGGRESSIVE;
				GCC_WARN_UNUSED_FUNCTION = YES;
				GCC_WARN_UNUSED_VARIABLE = YES;
				LOCALIZATION_PREFERS_STRING_CATALOGS = YES;
				MTL_ENABLE_DEBUG_INFO = NO;
				MTL_FAST_MATH = YES;
				SWIFT_COMPILATION_MODE = wholemodule;
			};
			name = Release;
		};
		52467529301A8DC0002C7024 /* Debug */ = {
			isa = XCBuildConfiguration;
			buildSettings = {
				CODE_SIGN_STYLE = Automatic;
				CURRENT_PROJECT_VERSION = 1;
				GENERATE_INFOPLIST_FILE = YES;
				INFOPLIST_FILE = "iOS (Extension)/Info.plist";
				INFOPLIST_KEY_CFBundleDisplayName = "WatchList Party Sync Extension";
				INFOPLIST_KEY_NSHumanReadableCopyright = "";
				IPHONEOS_DEPLOYMENT_TARGET = 15.0;
				LD_RUNPATH_SEARCH_PATHS = (
					"$(inherited)",
					"@executable_path/Frameworks",
					"@executable_path/../../Frameworks",
				);
				MARKETING_VERSION = 1.0;
				OTHER_LDFLAGS = (
					"-framework",
					SafariServices,
				);
				PRODUCT_BUNDLE_IDENTIFIER = com.humblezone.watchlist.sync.Extension;
				PRODUCT_NAME = "WatchList Party Sync Extension";
				SDKROOT = iphoneos;
				SKIP_INSTALL = YES;
				STRING_CATALOG_GENERATE_SYMBOLS = YES;
				SWIFT_APPROACHABLE_CONCURRENCY = YES;
				SWIFT_EMIT_LOC_STRINGS = YES;
				SWIFT_UPCOMING_FEATURE_MEMBER_IMPORT_VISIBILITY = YES;
				SWIFT_VERSION = 5.0;
				TARGETED_DEVICE_FAMILY = "1,2";
			};
			name = Debug;
		};
		5246752A301A8DC0002C7024 /* Release */ = {
			isa = XCBuildConfiguration;
			buildSettings = {
				CODE_SIGN_STYLE = Automatic;
				CURRENT_PROJECT_VERSION = 1;
				GENERATE_INFOPLIST_FILE = YES;
				INFOPLIST_FILE = "iOS (Extension)/Info.plist";
				INFOPLIST_KEY_CFBundleDisplayName = "WatchList Party Sync Extension";
				INFOPLIST_KEY_NSHumanReadableCopyright = "";
				IPHONEOS_DEPLOYMENT_TARGET = 15.0;
				LD_RUNPATH_SEARCH_PATHS = (
					"$(inherited)",
					"@executable_path/Frameworks",
					"@executable_path/../../Frameworks",
				);
				MARKETING_VERSION = 1.0;
				OTHER_LDFLAGS = (
					"-framework",
					SafariServices,
				);
				PRODUCT_BUNDLE_IDENTIFIER = com.humblezone.watchlist.sync.Extension;
				PRODUCT_NAME = "WatchList Party Sync Extension";
				SDKROOT = iphoneos;
				SKIP_INSTALL = YES;
				STRING_CATALOG_GENERATE_SYMBOLS = YES;
				SWIFT_APPROACHABLE_CONCURRENCY = YES;
				SWIFT_EMIT_LOC_STRINGS = YES;
				SWIFT_UPCOMING_FEATURE_MEMBER_IMPORT_VISIBILITY = YES;
				SWIFT_VERSION = 5.0;
				TARGETED_DEVICE_FAMILY = "1,2";
				VALIDATE_PRODUCT = YES;
			};
			name = Release;
		};
		5246752D301A8DC0002C7024 /* Debug */ = {
			isa = XCBuildConfiguration;
			buildSettings = {
				ASSETCATALOG_COMPILER_APPICON_NAME = AppIcon;
				ASSETCATALOG_COMPILER_GLOBAL_ACCENT_COLOR_NAME = AccentColor;
				CODE_SIGN_STYLE = Automatic;
				CURRENT_PROJECT_VERSION = 1;
				GENERATE_INFOPLIST_FILE = YES;
				INFOPLIST_FILE = "iOS (App)/Info.plist";
				INFOPLIST_KEY_CFBundleDisplayName = "WatchList Party Sync";
				INFOPLIST_KEY_UIApplicationSupportsIndirectInputEvents = YES;
				INFOPLIST_KEY_UILaunchStoryboardName = LaunchScreen;
				INFOPLIST_KEY_UIMainStoryboardFile = Main;
				INFOPLIST_KEY_UISupportedInterfaceOrientations = "UIInterfaceOrientationPortrait UIInterfaceOrientationLandscapeLeft UIInterfaceOrientationLandscapeRight";
				INFOPLIST_KEY_UISupportedInterfaceOrientations_iPad = "UIInterfaceOrientationPortrait UIInterfaceOrientationPortraitUpsideDown UIInterfaceOrientationLandscapeLeft UIInterfaceOrientationLandscapeRight";
				IPHONEOS_DEPLOYMENT_TARGET = 15.0;
				LD_RUNPATH_SEARCH_PATHS = (
					"$(inherited)",
					"@executable_path/Frameworks",
				);
				MARKETING_VERSION = 1.0;
				OTHER_LDFLAGS = (
					"-framework",
					SafariServices,
					"-framework",
					WebKit,
				);
				PRODUCT_BUNDLE_IDENTIFIER = com.humblezone.watchlist.sync;
				PRODUCT_NAME = "WatchList Party Sync";
				SDKROOT = iphoneos;
				STRING_CATALOG_GENERATE_SYMBOLS = YES;
				SWIFT_APPROACHABLE_CONCURRENCY = YES;
				SWIFT_DEFAULT_ACTOR_ISOLATION = MainActor;
				SWIFT_EMIT_LOC_STRINGS = YES;
				SWIFT_UPCOMING_FEATURE_MEMBER_IMPORT_VISIBILITY = YES;
				SWIFT_VERSION = 5.0;
				TARGETED_DEVICE_FAMILY = "1,2";
			};
			name = Debug;
		};
		5246752E301A8DC0002C7024 /* Release */ = {
			isa = XCBuildConfiguration;
			buildSettings = {
				ASSETCATALOG_COMPILER_APPICON_NAME = AppIcon;
				ASSETCATALOG_COMPILER_GLOBAL_ACCENT_COLOR_NAME = AccentColor;
				CODE_SIGN_STYLE = Automatic;
				CURRENT_PROJECT_VERSION = 1;
				GENERATE_INFOPLIST_FILE = YES;
				INFOPLIST_FILE = "iOS (App)/Info.plist";
				INFOPLIST_KEY_CFBundleDisplayName = "WatchList Party Sync";
				INFOPLIST_KEY_UIApplicationSupportsIndirectInputEvents = YES;
				INFOPLIST_KEY_UILaunchStoryboardName = LaunchScreen;
				INFOPLIST_KEY_UIMainStoryboardFile = Main;
				INFOPLIST_KEY_UISupportedInterfaceOrientations = "UIInterfaceOrientationPortrait UIInterfaceOrientationLandscapeLeft UIInterfaceOrientationLandscapeRight";
				INFOPLIST_KEY_UISupportedInterfaceOrientations_iPad = "UIInterfaceOrientationPortrait UIInterfaceOrientationPortraitUpsideDown UIInterfaceOrientationLandscapeLeft UIInterfaceOrientationLandscapeRight";
				IPHONEOS_DEPLOYMENT_TARGET = 15.0;
				LD_RUNPATH_SEARCH_PATHS = (
					"$(inherited)",
					"@executable_path/Frameworks",
				);
				MARKETING_VERSION = 1.0;
				OTHER_LDFLAGS = (
					"-framework",
					SafariServices,
					"-framework",
					WebKit,
				);
				PRODUCT_BUNDLE_IDENTIFIER = com.humblezone.watchlist.sync;
				PRODUCT_NAME = "WatchList Party Sync";
				SDKROOT = iphoneos;
				STRING_CATALOG_GENERATE_SYMBOLS = YES;
				SWIFT_APPROACHABLE_CONCURRENCY = YES;
				SWIFT_DEFAULT_ACTOR_ISOLATION = MainActor;
				SWIFT_EMIT_LOC_STRINGS = YES;
				SWIFT_UPCOMING_FEATURE_MEMBER_IMPORT_VISIBILITY = YES;
				SWIFT_VERSION = 5.0;
				TARGETED_DEVICE_FAMILY = "1,2";
				VALIDATE_PRODUCT = YES;
			};
			name = Release;
		};
		52467530301A8DC0002C7024 /* Debug */ = {
			isa = XCBuildConfiguration;
			buildSettings = {
				CODE_SIGN_STYLE = Automatic;
				CURRENT_PROJECT_VERSION = 1;
				ENABLE_APP_SANDBOX = YES;
				ENABLE_HARDENED_RUNTIME = YES;
				ENABLE_USER_SELECTED_FILES = readonly;
				GENERATE_INFOPLIST_FILE = YES;
				INFOPLIST_FILE = "macOS (Extension)/Info.plist";
				INFOPLIST_KEY_CFBundleDisplayName = "WatchList Party Sync Extension";
				INFOPLIST_KEY_NSHumanReadableCopyright = "";
				LD_RUNPATH_SEARCH_PATHS = (
					"$(inherited)",
					"@executable_path/../Frameworks",
					"@executable_path/../../../../Frameworks",
				);
				MACOSX_DEPLOYMENT_TARGET = 10.14;
				MARKETING_VERSION = 1.0;
				OTHER_LDFLAGS = (
					"-framework",
					SafariServices,
				);
				PRODUCT_BUNDLE_IDENTIFIER = com.humblezone.watchlist.sync.Extension;
				PRODUCT_NAME = "WatchList Party Sync Extension";
				SDKROOT = macosx;
				SKIP_INSTALL = YES;
				STRING_CATALOG_GENERATE_SYMBOLS = YES;
				SWIFT_APPROACHABLE_CONCURRENCY = YES;
				SWIFT_EMIT_LOC_STRINGS = YES;
				SWIFT_UPCOMING_FEATURE_MEMBER_IMPORT_VISIBILITY = YES;
				SWIFT_VERSION = 5.0;
			};
			name = Debug;
		};
		52467531301A8DC0002C7024 /* Release */ = {
			isa = XCBuildConfiguration;
			buildSettings = {
				CODE_SIGN_STYLE = Automatic;
				CURRENT_PROJECT_VERSION = 1;
				ENABLE_APP_SANDBOX = YES;
				ENABLE_HARDENED_RUNTIME = YES;
				ENABLE_USER_SELECTED_FILES = readonly;
				GENERATE_INFOPLIST_FILE = YES;
				INFOPLIST_FILE = "macOS (Extension)/Info.plist";
				INFOPLIST_KEY_CFBundleDisplayName = "WatchList Party Sync Extension";
				INFOPLIST_KEY_NSHumanReadableCopyright = "";
				LD_RUNPATH_SEARCH_PATHS = (
					"$(inherited)",
					"@executable_path/../Frameworks",
					"@executable_path/../../../../Frameworks",
				);
				MACOSX_DEPLOYMENT_TARGET = 10.14;
				MARKETING_VERSION = 1.0;
				OTHER_LDFLAGS = (
					"-framework",
					SafariServices,
				);
				PRODUCT_BUNDLE_IDENTIFIER = com.humblezone.watchlist.sync.Extension;
				PRODUCT_NAME = "WatchList Party Sync Extension";
				SDKROOT = macosx;
				SKIP_INSTALL = YES;
				STRING_CATALOG_GENERATE_SYMBOLS = YES;
				SWIFT_APPROACHABLE_CONCURRENCY = YES;
				SWIFT_EMIT_LOC_STRINGS = YES;
				SWIFT_UPCOMING_FEATURE_MEMBER_IMPORT_VISIBILITY = YES;
				SWIFT_VERSION = 5.0;
			};
			name = Release;
		};
		52467534301A8DC0002C7024 /* Debug */ = {
			isa = XCBuildConfiguration;
			buildSettings = {
				ASSETCATALOG_COMPILER_APPICON_NAME = AppIcon;
				ASSETCATALOG_COMPILER_GLOBAL_ACCENT_COLOR_NAME = AccentColor;
				CODE_SIGN_STYLE = Automatic;
				CURRENT_PROJECT_VERSION = 1;
				ENABLE_APP_SANDBOX = YES;
				ENABLE_HARDENED_RUNTIME = YES;
				ENABLE_OUTGOING_NETWORK_CONNECTIONS = YES;
				ENABLE_USER_SELECTED_FILES = readonly;
				GENERATE_INFOPLIST_FILE = YES;
				INFOPLIST_FILE = "macOS (App)/Info.plist";
				INFOPLIST_KEY_CFBundleDisplayName = "WatchList Party Sync";
				INFOPLIST_KEY_NSMainStoryboardFile = Main;
				INFOPLIST_KEY_NSPrincipalClass = NSApplication;
				LD_RUNPATH_SEARCH_PATHS = (
					"$(inherited)",
					"@executable_path/../Frameworks",
				);
				MACOSX_DEPLOYMENT_TARGET = 10.14;
				MARKETING_VERSION = 1.0;
				OTHER_LDFLAGS = (
					"-framework",
					SafariServices,
					"-framework",
					WebKit,
				);
				PRODUCT_BUNDLE_IDENTIFIER = com.humblezone.watchlist.sync;
				PRODUCT_NAME = "WatchList Party Sync";
				REGISTER_APP_GROUPS = YES;
				SDKROOT = macosx;
				STRING_CATALOG_GENERATE_SYMBOLS = YES;
				SWIFT_APPROACHABLE_CONCURRENCY = YES;
				SWIFT_DEFAULT_ACTOR_ISOLATION = MainActor;
				SWIFT_EMIT_LOC_STRINGS = YES;
				SWIFT_UPCOMING_FEATURE_MEMBER_IMPORT_VISIBILITY = YES;
				SWIFT_VERSION = 5.0;
			};
			name = Debug;
		};
		52467535301A8DC0002C7024 /* Release */ = {
			isa = XCBuildConfiguration;
			buildSettings = {
				ASSETCATALOG_COMPILER_APPICON_NAME = AppIcon;
				ASSETCATALOG_COMPILER_GLOBAL_ACCENT_COLOR_NAME = AccentColor;
				CODE_SIGN_STYLE = Automatic;
				CURRENT_PROJECT_VERSION = 1;
				ENABLE_APP_SANDBOX = YES;
				ENABLE_HARDENED_RUNTIME = YES;
				ENABLE_OUTGOING_NETWORK_CONNECTIONS = YES;
				ENABLE_USER_SELECTED_FILES = readonly;
				GENERATE_INFOPLIST_FILE = YES;
				INFOPLIST_FILE = "macOS (App)/Info.plist";
				INFOPLIST_KEY_CFBundleDisplayName = "WatchList Party Sync";
				INFOPLIST_KEY_NSMainStoryboardFile = Main;
				INFOPLIST_KEY_NSPrincipalClass = NSApplication;
				LD_RUNPATH_SEARCH_PATHS = (
					"$(inherited)",
					"@executable_path/../Frameworks",
				);
				MACOSX_DEPLOYMENT_TARGET = 10.14;
				MARKETING_VERSION = 1.0;
				OTHER_LDFLAGS = (
					"-framework",
					SafariServices,
					"-framework",
					WebKit,
				);
				PRODUCT_BUNDLE_IDENTIFIER = com.humblezone.watchlist.sync;
				PRODUCT_NAME = "WatchList Party Sync";
				REGISTER_APP_GROUPS = YES;
				SDKROOT = macosx;
				STRING_CATALOG_GENERATE_SYMBOLS = YES;
				SWIFT_APPROACHABLE_CONCURRENCY = YES;
				SWIFT_DEFAULT_ACTOR_ISOLATION = MainActor;
				SWIFT_EMIT_LOC_STRINGS = YES;
				SWIFT_UPCOMING_FEATURE_MEMBER_IMPORT_VISIBILITY = YES;
				SWIFT_VERSION = 5.0;
			};
			name = Release;
		};
/* End XCBuildConfiguration section */

/* Begin XCConfigurationList section */
		524674DA301A8DBF002C7024 /* Build configuration list for PBXProject "WatchList Party Sync" */ = {
			isa = XCConfigurationList;
			buildConfigurations = (
				52467526301A8DC0002C7024 /* Debug */,
				52467527301A8DC0002C7024 /* Release */,
			);
			defaultConfigurationIsVisible = 0;
			defaultConfigurationName = Release;
		};
		52467528301A8DC0002C7024 /* Build configuration list for PBXNativeTarget "WatchList Party Sync Extension (iOS)" */ = {
			isa = XCConfigurationList;
			buildConfigurations = (
				52467529301A8DC0002C7024 /* Debug */,
				5246752A301A8DC0002C7024 /* Release */,
			);
			defaultConfigurationIsVisible = 0;
			defaultConfigurationName = Release;
		};
		5246752C301A8DC0002C7024 /* Build configuration list for PBXNativeTarget "WatchList Party Sync (iOS)" */ = {
			isa = XCConfigurationList;
			buildConfigurations = (
				5246752D301A8DC0002C7024 /* Debug */,
				5246752E301A8DC0002C7024 /* Release */,
			);
			defaultConfigurationIsVisible = 0;
			defaultConfigurationName = Release;
		};
		5246752F301A8DC0002C7024 /* Build configuration list for PBXNativeTarget "WatchList Party Sync Extension (macOS)" */ = {
			isa = XCConfigurationList;
			buildConfigurations = (
				52467530301A8DC0002C7024 /* Debug */,
				52467531301A8DC0002C7024 /* Release */,
			);
			defaultConfigurationIsVisible = 0;
			defaultConfigurationName = Release;
		};
		52467533301A8DC0002C7024 /* Build configuration list for PBXNativeTarget "WatchList Party Sync (macOS)" */ = {
			isa = XCConfigurationList;
			buildConfigurations = (
				52467534301A8DC0002C7024 /* Debug */,
				52467535301A8DC0002C7024 /* Release */,
			);
			defaultConfigurationIsVisible = 0;
			defaultConfigurationName = Release;
		};
/* End XCConfigurationList section */
	};
	rootObject = 524674D7301A8DBF002C7024 /* Project object */;
}
